
Microsoft Visual Studio Solution File, Format Version 12.00
# Visual Studio 15
Project("{FAE04EC0-301F-11D3-BF4B-00C04F79EFBC}") = "UnityEngine.TestRunner", "UnityEngine.TestRunner.csproj", "{B4ABE1FD-64C0-21E4-E795-92A77D981816}"
EndProject
Project("{FAE04EC0-301F-11D3-BF4B-00C04F79EFBC}") = "Unity.Mathematics", "Unity.Mathematics.csproj", "{099F4021-30E4-8F26-1AF2-22E27D3173A1}"
EndProject
Project("{FAE04EC0-301F-11D3-BF4B-00C04F79EFBC}") = "Unity.2D.Animation.Triangle.Runtime", "Unity.2D.Animation.Triangle.Runtime.csproj", "{A20168B6-0B5D-AE30-4185-2DE14D97D920}"
EndProject
Project("{FAE04EC0-301F-11D3-BF4B-00C04F79EFBC}") = "Unity.Timeline", "Unity.Timeline.csproj", "{A1880D59-6F4A-C325-1BD5-DA9EB2348CBC}"
EndProject
Project("{FAE04EC0-301F-11D3-BF4B-00C04F79EFBC}") = "UnityEngine.UI", "UnityEngine.UI.csproj", "{8118F5B4-19DB-A1AE-FE2E-CEC28C406FD2}"
EndProject
Project("{FAE04EC0-301F-11D3-BF4B-00C04F79EFBC}") = "Unity.TextMeshPro", "Unity.TextMeshPro.csproj", "{3F3DC59F-CCAA-CB20-ADDB-C2CD83D46948}"
EndProject
Project("{FAE04EC0-301F-11D3-BF4B-00C04F79EFBC}") = "Unity.2D.Animation.Runtime", "Unity.2D.Animation.Runtime.csproj", "{5F0D7745-EC56-A829-91F7-52F72F5C674A}"
EndProject
Project("{FAE04EC0-301F-11D3-BF4B-00C04F79EFBC}") = "Unity.2D.IK.Runtime", "Unity.2D.IK.Runtime.csproj", "{95E072FB-4018-CCA1-005F-84C64230E12C}"
EndProject
Project("{FAE04EC0-301F-11D3-BF4B-00C04F79EFBC}") = "Unity.2D.SpriteShape.Runtime", "Unity.2D.SpriteShape.Runtime.csproj", "{9FC89AD8-D93A-F749-1D79-BAF87B7DEA01}"
EndProject
Project("{FAE04EC0-301F-11D3-BF4B-00C04F79EFBC}") = "Assembly-CSharp", "Assembly-CSharp.csproj", "{6BE77C5F-732E-21CF-FE0F-871BCE23A44E}"
EndProject
Project("{FAE04EC0-301F-11D3-BF4B-00C04F79EFBC}") = "Unity.2D.PixelPerfect", "Unity.2D.PixelPerfect.csproj", "{AEFEE23D-3FC5-C538-FD59-5B9F18C2CE11}"
EndProject
Project("{FAE04EC0-301F-11D3-BF4B-00C04F79EFBC}") = "Unity.2D.Common.Runtime", "Unity.2D.Common.Runtime.csproj", "{52F30CB3-8721-BD95-D4A3-61FCB48E70C3}"
EndProject
Project("{FAE04EC0-301F-11D3-BF4B-00C04F79EFBC}") = "Unity.InternalAPIEngineBridge.001", "Unity.InternalAPIEngineBridge.001.csproj", "{B5F28D80-9782-A313-027B-D19C81E5CEAA}"
EndProject
Project("{FAE04EC0-301F-11D3-BF4B-00C04F79EFBC}") = "UnityEditor.TestRunner", "UnityEditor.TestRunner.csproj", "{0CECC46B-B80A-507A-C14C-FB28C05E7EAC}"
EndProject
Project("{FAE04EC0-301F-11D3-BF4B-00C04F79EFBC}") = "UnityEditor.UI", "UnityEditor.UI.csproj", "{CBBD385E-6E0E-D77A-2279-6F57A7B4B7E7}"
EndProject
Project("{FAE04EC0-301F-11D3-BF4B-00C04F79EFBC}") = "Unity.Timeline.Editor", "Unity.Timeline.Editor.csproj", "{0983AB2C-7C75-FBD1-E974-5B130220F75B}"
EndProject
Project("{FAE04EC0-301F-11D3-BF4B-00C04F79EFBC}") = "Unity.VisualStudio.Editor", "Unity.VisualStudio.Editor.csproj", "{5E9E3DDD-21AB-E0D0-596D-21C1C674EF78}"
EndProject
Project("{FAE04EC0-301F-11D3-BF4B-00C04F79EFBC}") = "Unity.2D.Psdimporter.Editor", "Unity.2D.Psdimporter.Editor.csproj", "{F3B8C54E-F165-636C-21C3-B7A4F7FE708B}"
EndProject
Project("{FAE04EC0-301F-11D3-BF4B-00C04F79EFBC}") = "Unity.2D.Animation.Editor", "Unity.2D.Animation.Editor.csproj", "{53E357AD-C582-069C-7897-495EAB92AB6A}"
EndProject
Project("{FAE04EC0-301F-11D3-BF4B-00C04F79EFBC}") = "Unity.TextMeshPro.Editor", "Unity.TextMeshPro.Editor.csproj", "{E618F3F9-9A5F-C6F4-7557-07B8BD5BFB3C}"
EndProject
Project("{FAE04EC0-301F-11D3-BF4B-00C04F79EFBC}") = "Unity.2D.SpriteShape.Editor", "Unity.2D.SpriteShape.Editor.csproj", "{E516D4E6-F42B-1034-F7CB-108D67E59624}"
EndProject
Project("{FAE04EC0-301F-11D3-BF4B-00C04F79EFBC}") = "Unity.CollabProxy.Editor", "Unity.CollabProxy.Editor.csproj", "{EEF544AB-8525-6B6D-65B2-CEFEE9AD43DE}"
EndProject
Project("{FAE04EC0-301F-11D3-BF4B-00C04F79EFBC}") = "PsdPlugin", "PsdPlugin.csproj", "{F0920FEF-BE2E-54D1-33F1-0BCDD01E7E5E}"
EndProject
Project("{FAE04EC0-301F-11D3-BF4B-00C04F79EFBC}") = "Unity.2D.Path.Editor", "Unity.2D.Path.Editor.csproj", "{5ED247EA-D709-D003-922D-37D90BC6F990}"
EndProject
Project("{FAE04EC0-301F-11D3-BF4B-00C04F79EFBC}") = "Unity.Rider.Editor", "Unity.Rider.Editor.csproj", "{B4352DAC-F304-C145-45C5-D29DB5A1A31E}"
EndProject
Project("{FAE04EC0-301F-11D3-BF4B-00C04F79EFBC}") = "Unity.2D.IK.Editor", "Unity.2D.IK.Editor.csproj", "{578554BE-0C80-6D5D-483C-94AB32E778BD}"
EndProject
Project("{FAE04EC0-301F-11D3-BF4B-00C04F79EFBC}") = "Unity.2D.Sprite.Editor", "Unity.2D.Sprite.Editor.csproj", "{819F9F39-CF4C-BBEB-5000-4EF2CFDBCD77}"
EndProject
Project("{FAE04EC0-301F-11D3-BF4B-00C04F79EFBC}") = "Unity.2D.Tilemap.Editor", "Unity.2D.Tilemap.Editor.csproj", "{DC67F505-0905-2D31-745B-D0A70CAC4D79}"
EndProject
Project("{FAE04EC0-301F-11D3-BF4B-00C04F79EFBC}") = "Unity.2D.PixelPerfect.Editor", "Unity.2D.PixelPerfect.Editor.csproj", "{E7B0B113-B448-B071-284E-70531ED0E76C}"
EndProject
Project("{FAE04EC0-301F-11D3-BF4B-00C04F79EFBC}") = "Unity.VSCode.Editor", "Unity.VSCode.Editor.csproj", "{E4E8C87A-0779-B599-FBFA-DB7A0FFC64CC}"
EndProject
Project("{FAE04EC0-301F-11D3-BF4B-00C04F79EFBC}") = "Unity.2D.Common.Editor", "Unity.2D.Common.Editor.csproj", "{F9357D9C-0FF0-FDBC-0E46-70E3A08620BF}"
EndProject
Project("{FAE04EC0-301F-11D3-BF4B-00C04F79EFBC}") = "Unity.Mathematics.Editor", "Unity.Mathematics.Editor.csproj", "{36D45F95-43E1-A4C0-44EA-1B5E146D12B5}"
EndProject
Project("{FAE04EC0-301F-11D3-BF4B-00C04F79EFBC}") = "Unity.InternalAPIEditorBridge.001", "Unity.InternalAPIEditorBridge.001.csproj", "{D0A7777E-B92B-223C-C43A-9FFEF77DBBD1}"
EndProject
Project("{FAE04EC0-301F-11D3-BF4B-00C04F79EFBC}") = "UnityEngine.TestRunner", "UnityEngine.TestRunner.Player.csproj", "{6B99B48F-92F2-8305-1B11-03E4B03DE3A7}"
EndProject
Project("{FAE04EC0-301F-11D3-BF4B-00C04F79EFBC}") = "Unity.Mathematics", "Unity.Mathematics.Player.csproj", "{85EB0B41-1FA1-AA15-78C8-2907F3630F4E}"
EndProject
Project("{FAE04EC0-301F-11D3-BF4B-00C04F79EFBC}") = "Unity.2D.Animation.Triangle.Runtime", "Unity.2D.Animation.Triangle.Runtime.Player.csproj", "{E0102C65-87E3-2FFA-BD6C-D65C3695AE3D}"
EndProject
Project("{FAE04EC0-301F-11D3-BF4B-00C04F79EFBC}") = "Unity.Timeline", "Unity.Timeline.Player.csproj", "{2DCC2666-55D9-8837-6D4F-5C8120796D52}"
EndProject
Project("{FAE04EC0-301F-11D3-BF4B-00C04F79EFBC}") = "UnityEngine.UI", "UnityEngine.UI.Player.csproj", "{CBF5DFF1-6D3B-6905-8554-606DABE1AED2}"
EndProject
Project("{FAE04EC0-301F-11D3-BF4B-00C04F79EFBC}") = "Unity.TextMeshPro", "Unity.TextMeshPro.Player.csproj", "{859E0666-8A92-D311-AB82-15D73049575E}"
EndProject
Project("{FAE04EC0-301F-11D3-BF4B-00C04F79EFBC}") = "Unity.2D.Animation.Runtime", "Unity.2D.Animation.Runtime.Player.csproj", "{5C4C6E47-CEFB-F716-C5BE-29740F3DE131}"
EndProject
Project("{FAE04EC0-301F-11D3-BF4B-00C04F79EFBC}") = "Unity.2D.IK.Runtime", "Unity.2D.IK.Runtime.Player.csproj", "{F687CD62-E583-73E2-BAB6-BCEB8986591B}"
EndProject
Project("{FAE04EC0-301F-11D3-BF4B-00C04F79EFBC}") = "Unity.2D.SpriteShape.Runtime", "Unity.2D.SpriteShape.Runtime.Player.csproj", "{AB3FC6D9-CE8D-728F-EA93-3175F9AE7806}"
EndProject
Project("{FAE04EC0-301F-11D3-BF4B-00C04F79EFBC}") = "Assembly-CSharp", "Assembly-CSharp.Player.csproj", "{3796C83A-42D3-2287-7547-48BFE8911867}"
EndProject
Project("{FAE04EC0-301F-11D3-BF4B-00C04F79EFBC}") = "Unity.2D.PixelPerfect", "Unity.2D.PixelPerfect.Player.csproj", "{00396DA2-8C9A-0936-6FD2-F3D5DC452BA1}"
EndProject
Project("{FAE04EC0-301F-11D3-BF4B-00C04F79EFBC}") = "Unity.2D.Common.Runtime", "Unity.2D.Common.Runtime.Player.csproj", "{FDBB1200-2F7E-1FE8-7C60-7C6B8F93CD5F}"
EndProject
Project("{FAE04EC0-301F-11D3-BF4B-00C04F79EFBC}") = "Unity.InternalAPIEngineBridge.001", "Unity.InternalAPIEngineBridge.001.Player.csproj", "{E93F7F8A-57B6-A4E7-3155-7E20861DEA84}"
EndProject
Global
	GlobalSection(SolutionConfigurationPlatforms) = preSolution
		Debug|Any CPU = Debug|Any CPU
		Release|Any CPU = Release|Any CPU
	EndGlobalSection
	GlobalSection(ProjectConfigurationPlatforms) = postSolution
		{B4ABE1FD-64C0-21E4-E795-92A77D981816}.Debug|Any CPU.ActiveCfg = Debug|Any CPU
		{B4ABE1FD-64C0-21E4-E795-92A77D981816}.Debug|Any CPU.Build.0 = Debug|Any CPU
		{B4ABE1FD-64C0-21E4-E795-92A77D981816}.Release|Any CPU.ActiveCfg = Release|Any CPU
		{B4ABE1FD-64C0-21E4-E795-92A77D981816}.Release|Any CPU.Build.0 = Release|Any CPU
		{099F4021-30E4-8F26-1AF2-22E27D3173A1}.Debug|Any CPU.ActiveCfg = Debug|Any CPU
		{099F4021-30E4-8F26-1AF2-22E27D3173A1}.Debug|Any CPU.Build.0 = Debug|Any CPU
		{099F4021-30E4-8F26-1AF2-22E27D3173A1}.Release|Any CPU.ActiveCfg = Release|Any CPU
		{099F4021-30E4-8F26-1AF2-22E27D3173A1}.Release|Any CPU.Build.0 = Release|Any CPU
		{A20168B6-0B5D-AE30-4185-2DE14D97D920}.Debug|Any CPU.ActiveCfg = Debug|Any CPU
		{A20168B6-0B5D-AE30-4185-2DE14D97D920}.Debug|Any CPU.Build.0 = Debug|Any CPU
		{A20168B6-0B5D-AE30-4185-2DE14D97D920}.Release|Any CPU.ActiveCfg = Release|Any CPU
		{A20168B6-0B5D-AE30-4185-2DE14D97D920}.Release|Any CPU.Build.0 = Release|Any CPU
		{A1880D59-6F4A-C325-1BD5-DA9EB2348CBC}.Debug|Any CPU.ActiveCfg = Debug|Any CPU
		{A1880D59-6F4A-C325-1BD5-DA9EB2348CBC}.Debug|Any CPU.Build.0 = Debug|Any CPU
		{A1880D59-6F4A-C325-1BD5-DA9EB2348CBC}.Release|Any CPU.ActiveCfg = Release|Any CPU
		{A1880D59-6F4A-C325-1BD5-DA9EB2348CBC}.Release|Any CPU.Build.0 = Release|Any CPU
		{8118F5B4-19DB-A1AE-FE2E-CEC28C406FD2}.Debug|Any CPU.ActiveCfg = Debug|Any CPU
		{8118F5B4-19DB-A1AE-FE2E-CEC28C406FD2}.Debug|Any CPU.Build.0 = Debug|Any CPU
		{8118F5B4-19DB-A1AE-FE2E-CEC28C406FD2}.Release|Any CPU.ActiveCfg = Release|Any CPU
		{8118F5B4-19DB-A1AE-FE2E-CEC28C406FD2}.Release|Any CPU.Build.0 = Release|Any CPU
		{3F3DC59F-CCAA-CB20-ADDB-C2CD83D46948}.Debug|Any CPU.ActiveCfg = Debug|Any CPU
		{3F3DC59F-CCAA-CB20-ADDB-C2CD83D46948}.Debug|Any CPU.Build.0 = Debug|Any CPU
		{3F3DC59F-CCAA-CB20-ADDB-C2CD83D46948}.Release|Any CPU.ActiveCfg = Release|Any CPU
		{3F3DC59F-CCAA-CB20-ADDB-C2CD83D46948}.Release|Any CPU.Build.0 = Release|Any CPU
		{5F0D7745-EC56-A829-91F7-52F72F5C674A}.Debug|Any CPU.ActiveCfg = Debug|Any CPU
		{5F0D7745-EC56-A829-91F7-52F72F5C674A}.Debug|Any CPU.Build.0 = Debug|Any CPU
		{5F0D7745-EC56-A829-91F7-52F72F5C674A}.Release|Any CPU.ActiveCfg = Release|Any CPU
		{5F0D7745-EC56-A829-91F7-52F72F5C674A}.Release|Any CPU.Build.0 = Release|Any CPU
		{95E072FB-4018-CCA1-005F-84C64230E12C}.Debug|Any CPU.ActiveCfg = Debug|Any CPU
		{95E072FB-4018-CCA1-005F-84C64230E12C}.Debug|Any CPU.Build.0 = Debug|Any CPU
		{95E072FB-4018-CCA1-005F-84C64230E12C}.Release|Any CPU.ActiveCfg = Release|Any CPU
		{95E072FB-4018-CCA1-005F-84C64230E12C}.Release|Any CPU.Build.0 = Release|Any CPU
		{9FC89AD8-D93A-F749-1D79-BAF87B7DEA01}.Debug|Any CPU.ActiveCfg = Debug|Any CPU
		{9FC89AD8-D93A-F749-1D79-BAF87B7DEA01}.Debug|Any CPU.Build.0 = Debug|Any CPU
		{9FC89AD8-D93A-F749-1D79-BAF87B7DEA01}.Release|Any CPU.ActiveCfg = Release|Any CPU
		{9FC89AD8-D93A-F749-1D79-BAF87B7DEA01}.Release|Any CPU.Build.0 = Release|Any CPU
		{6BE77C5F-732E-21CF-FE0F-871BCE23A44E}.Debug|Any CPU.ActiveCfg = Debug|Any CPU
		{6BE77C5F-732E-21CF-FE0F-871BCE23A44E}.Debug|Any CPU.Build.0 = Debug|Any CPU
		{6BE77C5F-732E-21CF-FE0F-871BCE23A44E}.Release|Any CPU.ActiveCfg = Release|Any CPU
		{6BE77C5F-732E-21CF-FE0F-871BCE23A44E}.Release|Any CPU.Build.0 = Release|Any CPU
		{AEFEE23D-3FC5-C538-FD59-5B9F18C2CE11}.Debug|Any CPU.ActiveCfg = Debug|Any CPU
		{AEFEE23D-3FC5-C538-FD59-5B9F18C2CE11}.Debug|Any CPU.Build.0 = Debug|Any CPU
		{AEFEE23D-3FC5-C538-FD59-5B9F18C2CE11}.Release|Any CPU.ActiveCfg = Release|Any CPU
		{AEFEE23D-3FC5-C538-FD59-5B9F18C2CE11}.Release|Any CPU.Build.0 = Release|Any CPU
		{52F30CB3-8721-BD95-D4A3-61FCB48E70C3}.Debug|Any CPU.ActiveCfg = Debug|Any CPU
		{52F30CB3-8721-BD95-D4A3-61FCB48E70C3}.Debug|Any CPU.Build.0 = Debug|Any CPU
		{52F30CB3-8721-BD95-D4A3-61FCB48E70C3}.Release|Any CPU.ActiveCfg = Release|Any CPU
		{52F30CB3-8721-BD95-D4A3-61FCB48E70C3}.Release|Any CPU.Build.0 = Release|Any CPU
		{B5F28D80-9782-A313-027B-D19C81E5CEAA}.Debug|Any CPU.ActiveCfg = Debug|Any CPU
		{B5F28D80-9782-A313-027B-D19C81E5CEAA}.Debug|Any CPU.Build.0 = Debug|Any CPU
		{B5F28D80-9782-A313-027B-D19C81E5CEAA}.Release|Any CPU.ActiveCfg = Release|Any CPU
		{B5F28D80-9782-A313-027B-D19C81E5CEAA}.Release|Any CPU.Build.0 = Release|Any CPU
		{0CECC46B-B80A-507A-C14C-FB28C05E7EAC}.Debug|Any CPU.ActiveCfg = Debug|Any CPU
		{0CECC46B-B80A-507A-C14C-FB28C05E7EAC}.Debug|Any CPU.Build.0 = Debug|Any CPU
		{0CECC46B-B80A-507A-C14C-FB28C05E7EAC}.Release|Any CPU.ActiveCfg = Release|Any CPU
		{0CECC46B-B80A-507A-C14C-FB28C05E7EAC}.Release|Any CPU.Build.0 = Release|Any CPU
		{CBBD385E-6E0E-D77A-2279-6F57A7B4B7E7}.Debug|Any CPU.ActiveCfg = Debug|Any CPU
		{CBBD385E-6E0E-D77A-2279-6F57A7B4B7E7}.Debug|Any CPU.Build.0 = Debug|Any CPU
		{CBBD385E-6E0E-D77A-2279-6F57A7B4B7E7}.Release|Any CPU.ActiveCfg = Release|Any CPU
		{CBBD385E-6E0E-D77A-2279-6F57A7B4B7E7}.Release|Any CPU.Build.0 = Release|Any CPU
		{0983AB2C-7C75-FBD1-E974-5B130220F75B}.Debug|Any CPU.ActiveCfg = Debug|Any CPU
		{0983AB2C-7C75-FBD1-E974-5B130220F75B}.Debug|Any CPU.Build.0 = Debug|Any CPU
		{0983AB2C-7C75-FBD1-E974-5B130220F75B}.Release|Any CPU.ActiveCfg = Release|Any CPU
		{0983AB2C-7C75-FBD1-E974-5B130220F75B}.Release|Any CPU.Build.0 = Release|Any CPU
		{5E9E3DDD-21AB-E0D0-596D-21C1C674EF78}.Debug|Any CPU.ActiveCfg = Debug|Any CPU
		{5E9E3DDD-21AB-E0D0-596D-21C1C674EF78}.Debug|Any CPU.Build.0 = Debug|Any CPU
		{5E9E3DDD-21AB-E0D0-596D-21C1C674EF78}.Release|Any CPU.ActiveCfg = Release|Any CPU
		{5E9E3DDD-21AB-E0D0-596D-21C1C674EF78}.Release|Any CPU.Build.0 = Release|Any CPU
		{F3B8C54E-F165-636C-21C3-B7A4F7FE708B}.Debug|Any CPU.ActiveCfg = Debug|Any CPU
		{F3B8C54E-F165-636C-21C3-B7A4F7FE708B}.Debug|Any CPU.Build.0 = Debug|Any CPU
		{F3B8C54E-F165-636C-21C3-B7A4F7FE708B}.Release|Any CPU.ActiveCfg = Release|Any CPU
		{F3B8C54E-F165-636C-21C3-B7A4F7FE708B}.Release|Any CPU.Build.0 = Release|Any CPU
		{53E357AD-C582-069C-7897-495EAB92AB6A}.Debug|Any CPU.ActiveCfg = Debug|Any CPU
		{53E357AD-C582-069C-7897-495EAB92AB6A}.Debug|Any CPU.Build.0 = Debug|Any CPU
		{53E357AD-C582-069C-7897-495EAB92AB6A}.Release|Any CPU.ActiveCfg = Release|Any CPU
		{53E357AD-C582-069C-7897-495EAB92AB6A}.Release|Any CPU.Build.0 = Release|Any CPU
		{E618F3F9-9A5F-C6F4-7557-07B8BD5BFB3C}.Debug|Any CPU.ActiveCfg = Debug|Any CPU
		{E618F3F9-9A5F-C6F4-7557-07B8BD5BFB3C}.Debug|Any CPU.Build.0 = Debug|Any CPU
		{E618F3F9-9A5F-C6F4-7557-07B8BD5BFB3C}.Release|Any CPU.ActiveCfg = Release|Any CPU
		{E618F3F9-9A5F-C6F4-7557-07B8BD5BFB3C}.Release|Any CPU.Build.0 = Release|Any CPU
		{E516D4E6-F42B-1034-F7CB-108D67E59624}.Debug|Any CPU.ActiveCfg = Debug|Any CPU
		{E516D4E6-F42B-1034-F7CB-108D67E59624}.Debug|Any CPU.Build.0 = Debug|Any CPU
		{E516D4E6-F42B-1034-F7CB-108D67E59624}.Release|Any CPU.ActiveCfg = Release|Any CPU
		{E516D4E6-F42B-1034-F7CB-108D67E59624}.Release|Any CPU.Build.0 = Release|Any CPU
		{EEF544AB-8525-6B6D-65B2-CEFEE9AD43DE}.Debug|Any CPU.ActiveCfg = Debug|Any CPU
		{EEF544AB-8525-6B6D-65B2-CEFEE9AD43DE}.Debug|Any CPU.Build.0 = Debug|Any CPU
		{EEF544AB-8525-6B6D-65B2-CEFEE9AD43DE}.Release|Any CPU.ActiveCfg = Release|Any CPU
		{EEF544AB-8525-6B6D-65B2-CEFEE9AD43DE}.Release|Any CPU.Build.0 = Release|Any CPU
		{F0920FEF-BE2E-54D1-33F1-0BCDD01E7E5E}.Debug|Any CPU.ActiveCfg = Debug|Any CPU
		{F0920FEF-BE2E-54D1-33F1-0BCDD01E7E5E}.Debug|Any CPU.Build.0 = Debug|Any CPU
		{F0920FEF-BE2E-54D1-33F1-0BCDD01E7E5E}.Release|Any CPU.ActiveCfg = Release|Any CPU
		{F0920FEF-BE2E-54D1-33F1-0BCDD01E7E5E}.Release|Any CPU.Build.0 = Release|Any CPU
		{5ED247EA-D709-D003-922D-37D90BC6F990}.Debug|Any CPU.ActiveCfg = Debug|Any CPU
		{5ED247EA-D709-D003-922D-37D90BC6F990}.Debug|Any CPU.Build.0 = Debug|Any CPU
		{5ED247EA-D709-D003-922D-37D90BC6F990}.Release|Any CPU.ActiveCfg = Release|Any CPU
		{5ED247EA-D709-D003-922D-37D90BC6F990}.Release|Any CPU.Build.0 = Release|Any CPU
		{B4352DAC-F304-C145-45C5-D29DB5A1A31E}.Debug|Any CPU.ActiveCfg = Debug|Any CPU
		{B4352DAC-F304-C145-45C5-D29DB5A1A31E}.Debug|Any CPU.Build.0 = Debug|Any CPU
		{B4352DAC-F304-C145-45C5-D29DB5A1A31E}.Release|Any CPU.ActiveCfg = Release|Any CPU
		{B4352DAC-F304-C145-45C5-D29DB5A1A31E}.Release|Any CPU.Build.0 = Release|Any CPU
		{578554BE-0C80-6D5D-483C-94AB32E778BD}.Debug|Any CPU.ActiveCfg = Debug|Any CPU
		{578554BE-0C80-6D5D-483C-94AB32E778BD}.Debug|Any CPU.Build.0 = Debug|Any CPU
		{578554BE-0C80-6D5D-483C-94AB32E778BD}.Release|Any CPU.ActiveCfg = Release|Any CPU
		{578554BE-0C80-6D5D-483C-94AB32E778BD}.Release|Any CPU.Build.0 = Release|Any CPU
		{819F9F39-CF4C-BBEB-5000-4EF2CFDBCD77}.Debug|Any CPU.ActiveCfg = Debug|Any CPU
		{819F9F39-CF4C-BBEB-5000-4EF2CFDBCD77}.Debug|Any CPU.Build.0 = Debug|Any CPU
		{819F9F39-CF4C-BBEB-5000-4EF2CFDBCD77}.Release|Any CPU.ActiveCfg = Release|Any CPU
		{819F9F39-CF4C-BBEB-5000-4EF2CFDBCD77}.Release|Any CPU.Build.0 = Release|Any CPU
		{DC67F505-0905-2D31-745B-D0A70CAC4D79}.Debug|Any CPU.ActiveCfg = Debug|Any CPU
		{DC67F505-0905-2D31-745B-D0A70CAC4D79}.Debug|Any CPU.Build.0 = Debug|Any CPU
		{DC67F505-0905-2D31-745B-D0A70CAC4D79}.Release|Any CPU.ActiveCfg = Release|Any CPU
		{DC67F505-0905-2D31-745B-D0A70CAC4D79}.Release|Any CPU.Build.0 = Release|Any CPU
		{E7B0B113-B448-B071-284E-70531ED0E76C}.Debug|Any CPU.ActiveCfg = Debug|Any CPU
		{E7B0B113-B448-B071-284E-70531ED0E76C}.Debug|Any CPU.Build.0 = Debug|Any CPU
		{E7B0B113-B448-B071-284E-70531ED0E76C}.Release|Any CPU.ActiveCfg = Release|Any CPU
		{E7B0B113-B448-B071-284E-70531ED0E76C}.Release|Any CPU.Build.0 = Release|Any CPU
		{E4E8C87A-0779-B599-FBFA-DB7A0FFC64CC}.Debug|Any CPU.ActiveCfg = Debug|Any CPU
		{E4E8C87A-0779-B599-FBFA-DB7A0FFC64CC}.Debug|Any CPU.Build.0 = Debug|Any CPU
		{E4E8C87A-0779-B599-FBFA-DB7A0FFC64CC}.Release|Any CPU.ActiveCfg = Release|Any CPU
		{E4E8C87A-0779-B599-FBFA-DB7A0FFC64CC}.Release|Any CPU.Build.0 = Release|Any CPU
		{F9357D9C-0FF0-FDBC-0E46-70E3A08620BF}.Debug|Any CPU.ActiveCfg = Debug|Any CPU
		{F9357D9C-0FF0-FDBC-0E46-70E3A08620BF}.Debug|Any CPU.Build.0 = Debug|Any CPU
		{F9357D9C-0FF0-FDBC-0E46-70E3A08620BF}.Release|Any CPU.ActiveCfg = Release|Any CPU
		{F9357D9C-0FF0-FDBC-0E46-70E3A08620BF}.Release|Any CPU.Build.0 = Release|Any CPU
		{36D45F95-43E1-A4C0-44EA-1B5E146D12B5}.Debug|Any CPU.ActiveCfg = Debug|Any CPU
		{36D45F95-43E1-A4C0-44EA-1B5E146D12B5}.Debug|Any CPU.Build.0 = Debug|Any CPU
		{36D45F95-43E1-A4C0-44EA-1B5E146D12B5}.Release|Any CPU.ActiveCfg = Release|Any CPU
		{36D45F95-43E1-A4C0-44EA-1B5E146D12B5}.Release|Any CPU.Build.0 = Release|Any CPU
		{D0A7777E-B92B-223C-C43A-9FFEF77DBBD1}.Debug|Any CPU.ActiveCfg = Debug|Any CPU
		{D0A7777E-B92B-223C-C43A-9FFEF77DBBD1}.Debug|Any CPU.Build.0 = Debug|Any CPU
		{D0A7777E-B92B-223C-C43A-9FFEF77DBBD1}.Release|Any CPU.ActiveCfg = Release|Any CPU
		{D0A7777E-B92B-223C-C43A-9FFEF77DBBD1}.Release|Any CPU.Build.0 = Release|Any CPU
		{6B99B48F-92F2-8305-1B11-03E4B03DE3A7}.Debug|Any CPU.ActiveCfg = Debug|Any CPU
		{6B99B48F-92F2-8305-1B11-03E4B03DE3A7}.Debug|Any CPU.Build.0 = Debug|Any CPU
		{6B99B48F-92F2-8305-1B11-03E4B03DE3A7}.Release|Any CPU.ActiveCfg = Release|Any CPU
		{6B99B48F-92F2-8305-1B11-03E4B03DE3A7}.Release|Any CPU.Build.0 = Release|Any CPU
		{85EB0B41-1FA1-AA15-78C8-2907F3630F4E}.Debug|Any CPU.ActiveCfg = Debug|Any CPU
		{85EB0B41-1FA1-AA15-78C8-2907F3630F4E}.Debug|Any CPU.Build.0 = Debug|Any CPU
		{85EB0B41-1FA1-AA15-78C8-2907F3630F4E}.Release|Any CPU.ActiveCfg = Release|Any CPU
		{85EB0B41-1FA1-AA15-78C8-2907F3630F4E}.Release|Any CPU.Build.0 = Release|Any CPU
		{E0102C65-87E3-2FFA-BD6C-D65C3695AE3D}.Debug|Any CPU.ActiveCfg = Debug|Any CPU
		{E0102C65-87E3-2FFA-BD6C-D65C3695AE3D}.Debug|Any CPU.Build.0 = Debug|Any CPU
		{E0102C65-87E3-2FFA-BD6C-D65C3695AE3D}.Release|Any CPU.ActiveCfg = Release|Any CPU
		{E0102C65-87E3-2FFA-BD6C-D65C3695AE3D}.Release|Any CPU.Build.0 = Release|Any CPU
		{2DCC2666-55D9-8837-6D4F-5C8120796D52}.Debug|Any CPU.ActiveCfg = Debug|Any CPU
		{2DCC2666-55D9-8837-6D4F-5C8120796D52}.Debug|Any CPU.Build.0 = Debug|Any CPU
		{2DCC2666-55D9-8837-6D4F-5C8120796D52}.Release|Any CPU.ActiveCfg = Release|Any CPU
		{2DCC2666-55D9-8837-6D4F-5C8120796D52}.Release|Any CPU.Build.0 = Release|Any CPU
		{CBF5DFF1-6D3B-6905-8554-606DABE1AED2}.Debug|Any CPU.ActiveCfg = Debug|Any CPU
		{CBF5DFF1-6D3B-6905-8554-606DABE1AED2}.Debug|Any CPU.Build.0 = Debug|Any CPU
		{CBF5DFF1-6D3B-6905-8554-606DABE1AED2}.Release|Any CPU.ActiveCfg = Release|Any CPU
		{CBF5DFF1-6D3B-6905-8554-606DABE1AED2}.Release|Any CPU.Build.0 = Release|Any CPU
		{859E0666-8A92-D311-AB82-15D73049575E}.Debug|Any CPU.ActiveCfg = Debug|Any CPU
		{859E0666-8A92-D311-AB82-15D73049575E}.Debug|Any CPU.Build.0 = Debug|Any CPU
		{859E0666-8A92-D311-AB82-15D73049575E}.Release|Any CPU.ActiveCfg = Release|Any CPU
		{859E0666-8A92-D311-AB82-15D73049575E}.Release|Any CPU.Build.0 = Release|Any CPU
		{5C4C6E47-CEFB-F716-C5BE-29740F3DE131}.Debug|Any CPU.ActiveCfg = Debug|Any CPU
		{5C4C6E47-CEFB-F716-C5BE-29740F3DE131}.Debug|Any CPU.Build.0 = Debug|Any CPU
		{5C4C6E47-CEFB-F716-C5BE-29740F3DE131}.Release|Any CPU.ActiveCfg = Release|Any CPU
		{5C4C6E47-CEFB-F716-C5BE-29740F3DE131}.Release|Any CPU.Build.0 = Release|Any CPU
		{F687CD62-E583-73E2-BAB6-BCEB8986591B}.Debug|Any CPU.ActiveCfg = Debug|Any CPU
		{F687CD62-E583-73E2-BAB6-BCEB8986591B}.Debug|Any CPU.Build.0 = Debug|Any CPU
		{F687CD62-E583-73E2-BAB6-BCEB8986591B}.Release|Any CPU.ActiveCfg = Release|Any CPU
		{F687CD62-E583-73E2-BAB6-BCEB8986591B}.Release|Any CPU.Build.0 = Release|Any CPU
		{AB3FC6D9-CE8D-728F-EA93-3175F9AE7806}.Debug|Any CPU.ActiveCfg = Debug|Any CPU
		{AB3FC6D9-CE8D-728F-EA93-3175F9AE7806}.Debug|Any CPU.Build.0 = Debug|Any CPU
		{AB3FC6D9-CE8D-728F-EA93-3175F9AE7806}.Release|Any CPU.ActiveCfg = Release|Any CPU
		{AB3FC6D9-CE8D-728F-EA93-3175F9AE7806}.Release|Any CPU.Build.0 = Release|Any CPU
		{3796C83A-42D3-2287-7547-48BFE8911867}.Debug|Any CPU.ActiveCfg = Debug|Any CPU
		{3796C83A-42D3-2287-7547-48BFE8911867}.Debug|Any CPU.Build.0 = Debug|Any CPU
		{3796C83A-42D3-2287-7547-48BFE8911867}.Release|Any CPU.ActiveCfg = Release|Any CPU
		{3796C83A-42D3-2287-7547-48BFE8911867}.Release|Any CPU.Build.0 = Release|Any CPU
		{00396DA2-8C9A-0936-6FD2-F3D5DC452BA1}.Debug|Any CPU.ActiveCfg = Debug|Any CPU
		{00396DA2-8C9A-0936-6FD2-F3D5DC452BA1}.Debug|Any CPU.Build.0 = Debug|Any CPU
		{00396DA2-8C9A-0936-6FD2-F3D5DC452BA1}.Release|Any CPU.ActiveCfg = Release|Any CPU
		{00396DA2-8C9A-0936-6FD2-F3D5DC452BA1}.Release|Any CPU.Build.0 = Release|Any CPU
		{FDBB1200-2F7E-1FE8-7C60-7C6B8F93CD5F}.Debug|Any CPU.ActiveCfg = Debug|Any CPU
		{FDBB1200-2F7E-1FE8-7C60-7C6B8F93CD5F}.Debug|Any CPU.Build.0 = Debug|Any CPU
		{FDBB1200-2F7E-1FE8-7C60-7C6B8F93CD5F}.Release|Any CPU.ActiveCfg = Release|Any CPU
		{FDBB1200-2F7E-1FE8-7C60-7C6B8F93CD5F}.Release|Any CPU.Build.0 = Release|Any CPU
		{E93F7F8A-57B6-A4E7-3155-7E20861DEA84}.Debug|Any CPU.ActiveCfg = Debug|Any CPU
		{E93F7F8A-57B6-A4E7-3155-7E20861DEA84}.Debug|Any CPU.Build.0 = Debug|Any CPU
		{E93F7F8A-57B6-A4E7-3155-7E20861DEA84}.Release|Any CPU.ActiveCfg = Release|Any CPU
		{E93F7F8A-57B6-A4E7-3155-7E20861DEA84}.Release|Any CPU.Build.0 = Release|Any CPU
	EndGlobalSection
	GlobalSection(SolutionProperties) = preSolution
		HideSolutionNode = FALSE
	EndGlobalSection
EndGlobal
